{
	"name": "contract-fixture",
	"lockfileVersion": 3,
	"requires": true,
	"packages": {
		"": { "name": "contract-fixture" },
		"node_modules/library": {
			"version": "2.0.0",
			"resolved": "https://registry.npmjs.org/library/-/library-2.0.0.tgz",
			"integrity": "sha512-fixture"
		},
		"node_modules/tool": {
			"version": "1.0.0",
			"resolved": "git+ssh://git@github.com/example/tool.git#0123456789abcdef0123456789abcdef01234567"
		},
		"legacy/node_modules/library": {
			"version": "1.2.0",
			"resolved": "https://packages.example.test/npm/library/-/library-1.2.0.tgz",
			"integrity": "sha512-fixture"
		}
	}
}
